
Microsoft Visual Studio Solution File, Format Version 12.00
# Visual Studio Version 17
VisualStudioVersion = 17.11.35219.272
MinimumVisualStudioVersion = 10.0.40219.1
Project("{9A19103F-16F7-4668-BE54-9A1E7A4F7556}") = "PCAssembly", "PCAssembly.csproj", "{0155AA1C-15A5-46B0-9BCB-9592E9AF4F59}"
EndProject
Global
	GlobalSection(SolutionConfigurationPlatforms) = preSolution
		Debug|Any CPU = Debug|Any CPU
		Release|Any CPU = Release|Any CPU
	EndGlobalSection
	GlobalSection(ProjectConfigurationPlatforms) = postSolution
		{0155AA1C-15A5-46B0-9BCB-9592E9AF4F59}.Debug|Any CPU.ActiveCfg = Debug|Any CPU
		{0155AA1C-15A5-46B0-9BCB-9592E9AF4F59}.Debug|Any CPU.Build.0 = Debug|Any CPU
		{0155AA1C-15A5-46B0-9BCB-9592E9AF4F59}.Debug|Any CPU.Deploy.0 = Debug|Any CPU
		{0155AA1C-15A5-46B0-9BCB-9592E9AF4F59}.Release|Any CPU.ActiveCfg = Release|Any CPU
		{0155AA1C-15A5-46B0-9BCB-9592E9AF4F59}.Release|Any CPU.Build.0 = Release|Any CPU
		{0155AA1C-15A5-46B0-9BCB-9592E9AF4F59}.Release|Any CPU.Deploy.0 = Release|Any CPU
	EndGlobalSection
	GlobalSection(SolutionProperties) = preSolution
		HideSolutionNode = FALSE
	EndGlobalSection
	GlobalSection(ExtensibilityGlobals) = postSolution
		SolutionGuid = {E7DA19B9-5C59-45AE-B534-19E06E09E63F}
	EndGlobalSection
EndGlobal
